// !$*UTF8*$!
{
	archiveVersion = 1;
	classes = {
	};
	objectVersion = 56;
	objects = {

/* Begin PBXBuildFile section */
		C26B22382AAC921900F6B8C3 /* SwiftUIFundamentalTutorialApp.swift in Sources */ = {isa = PBXBuildFile; fileRef = C26B22372AAC921900F6B8C3 /* SwiftUIFundamentalTutorialApp.swift */; };
		C26B223A2AAC921900F6B8C3 /* ContentView.swift in Sources */ = {isa = PBXBuildFile; fileRef = C26B22392AAC921900F6B8C3 /* ContentView.swift */; };
		C26B223C2AAC921C00F6B8C3 /* Assets.xcassets in Resources */ = {isa = PBXBuildFile; fileRef = C26B223B2AAC921C00F6B8C3 /* Assets.xcassets */; };
		C26B223F2AAC921C00F6B8C3 /* Preview Assets.xcassets in Resources */ = {isa = PBXBuildFile; fileRef = C26B223E2AAC921C00F6B8C3 /* Preview Assets.xcassets */; };
		C26B22462AAC95B700F6B8C3 /* MyVstackView.swift in Sources */ = {isa = PBXBuildFile; fileRef = C26B22452AAC95B600F6B8C3 /* MyVstackView.swift */; };
		C26B22482AAC9A2000F6B8C3 /* MyTextView.swift in Sources */ = {isa = PBXBuildFile; fileRef = C26B22472AAC9A2000F6B8C3 /* MyTextView.swift */; };
		C26B22562AADEA5000F6B8C3 /* SwiftUI_text_tutorial.swift in Sources */ = {isa = PBXBuildFile; fileRef = C26B22552AADEA5000F6B8C3 /* SwiftUI_text_tutorial.swift */; };
		C26B22582AADFB1000F6B8C3 /* Image_tutorial.swift in Sources */ = {isa = PBXBuildFile; fileRef = C26B22572AADFB1000F6B8C3 /* Image_tutorial.swift */; };
		C26B225A2AADFB3F00F6B8C3 /* CircleImageView.swift in Sources */ = {isa = PBXBuildFile; fileRef = C26B22592AADFB3F00F6B8C3 /* CircleImageView.swift */; };
		C26B225C2AADFF3D00F6B8C3 /* MyWebView.swift in Sources */ = {isa = PBXBuildFile; fileRef = C26B225B2AADFF3D00F6B8C3 /* MyWebView.swift */; };
		C26B225F2AAE03E500F6B8C3 /* SwiftUI_Stacks_tutorial.swift in Sources */ = {isa = PBXBuildFile; fileRef = C26B225E2AAE03E500F6B8C3 /* SwiftUI_Stacks_tutorial.swift */; };
		C26B22612AAE069800F6B8C3 /* MyVstack.swift in Sources */ = {isa = PBXBuildFile; fileRef = C26B22602AAE069800F6B8C3 /* MyVstack.swift */; };
		C26B22632AAE074400F6B8C3 /* MyHstack.swift in Sources */ = {isa = PBXBuildFile; fileRef = C26B22622AAE074400F6B8C3 /* MyHstack.swift */; };
		C26B22652AAE086100F6B8C3 /* MyZstack.swift in Sources */ = {isa = PBXBuildFile; fileRef = C26B22642AAE086100F6B8C3 /* MyZstack.swift */; };
		C26B22672AAE15E500F6B8C3 /* SwiftUI_stack_practice_tutorial.swift in Sources */ = {isa = PBXBuildFile; fileRef = C26B22662AAE15E500F6B8C3 /* SwiftUI_stack_practice_tutorial.swift */; };
		C26B226C2AAE165800F6B8C3 /* MyProjectCard.swift in Sources */ = {isa = PBXBuildFile; fileRef = C26B226B2AAE165800F6B8C3 /* MyProjectCard.swift */; };
		C26B226E2AAE19AE00F6B8C3 /* MyBasicCard.swift in Sources */ = {isa = PBXBuildFile; fileRef = C26B226D2AAE19AE00F6B8C3 /* MyBasicCard.swift */; };
		C26B22702AAE1F7200F6B8C3 /* MyCard.swift in Sources */ = {isa = PBXBuildFile; fileRef = C26B226F2AAE1F7200F6B8C3 /* MyCard.swift */; };
		C26B22722AAE23D000F6B8C3 /* MyList.swift in Sources */ = {isa = PBXBuildFile; fileRef = C26B22712AAE23D000F6B8C3 /* MyList.swift */; };
		C26B22742AAE2C6200F6B8C3 /* MyNavigationView.swift in Sources */ = {isa = PBXBuildFile; fileRef = C26B22732AAE2C6200F6B8C3 /* MyNavigationView.swift */; };
		C2D7A70F2AB7E5DA0070F34B /* MyProfileView.swift in Sources */ = {isa = PBXBuildFile; fileRef = C2D7A70E2AB7E5D90070F34B /* MyProfileView.swift */; };
		C2D7A7112AB7EB680070F34B /* MyCircleImageView.swift in Sources */ = {isa = PBXBuildFile; fileRef = C2D7A7102AB7EB680070F34B /* MyCircleImageView.swift */; };
		C2D7A7132AB86A3D0070F34B /* MyGeometryReader.swift in Sources */ = {isa = PBXBuildFile; fileRef = C2D7A7122AB86A3D0070F34B /* MyGeometryReader.swift */; };
		C2D7A7152AB871B60070F34B /* MyGeometryReaderVStack.swift in Sources */ = {isa = PBXBuildFile; fileRef = C2D7A7142AB871B60070F34B /* MyGeometryReaderVStack.swift */; };
		C2D7A7172AB888C10070F34B /* MyTabView.swift in Sources */ = {isa = PBXBuildFile; fileRef = C2D7A7162AB888C10070F34B /* MyTabView.swift */; };
		C2D7A7192AB88B5A0070F34B /* MyView.swift in Sources */ = {isa = PBXBuildFile; fileRef = C2D7A7182AB88B5A0070F34B /* MyView.swift */; };
/* End PBXBuildFile section */

/* Begin PBXFileReference section */
		C26B22342AAC921900F6B8C3 /* SwiftUIFundamentalTutorial.app */ = {isa = PBXFileReference; explicitFileType = wrapper.application; includeInIndex = 0; path = SwiftUIFundamentalTutorial.app; sourceTree = BUILT_PRODUCTS_DIR; };
		C26B22372AAC921900F6B8C3 /* SwiftUIFundamentalTutorialApp.swift */ = {isa = PBXFileReference; lastKnownFileType = sourcecode.swift; path = SwiftUIFundamentalTutorialApp.swift; sourceTree = "<group>"; };
		C26B22392AAC921900F6B8C3 /* ContentView.swift */ = {isa = PBXFileReference; lastKnownFileType = sourcecode.swift; path = ContentView.swift; sourceTree = "<group>"; };
		C26B223B2AAC921C00F6B8C3 /* Assets.xcassets */ = {isa = PBXFileReference; lastKnownFileType = folder.assetcatalog; path = Assets.xcassets; sourceTree = "<group>"; };
		C26B223E2AAC921C00F6B8C3 /* Preview Assets.xcassets */ = {isa = PBXFileReference; lastKnownFileType = folder.assetcatalog; path = "Preview Assets.xcassets"; sourceTree = "<group>"; };
		C26B22452AAC95B600F6B8C3 /* MyVstackView.swift */ = {isa = PBXFileReference; lastKnownFileType = sourcecode.swift; path = MyVstackView.swift; sourceTree = "<group>"; };
		C26B22472AAC9A2000F6B8C3 /* MyTextView.swift */ = {isa = PBXFileReference; lastKnownFileType = sourcecode.swift; path = MyTextView.swift; sourceTree = "<group>"; };
		C26B22552AADEA5000F6B8C3 /* SwiftUI_text_tutorial.swift */ = {isa = PBXFileReference; lastKnownFileType = sourcecode.swift; path = SwiftUI_text_tutorial.swift; sourceTree = "<group>"; };
		C26B22572AADFB1000F6B8C3 /* Image_tutorial.swift */ = {isa = PBXFileReference; lastKnownFileType = sourcecode.swift; path = Image_tutorial.swift; sourceTree = "<group>"; };
		C26B22592AADFB3F00F6B8C3 /* CircleImageView.swift */ = {isa = PBXFileReference; lastKnownFileType = sourcecode.swift; path = CircleImageView.swift; sourceTree = "<group>"; };
		C26B225B2AADFF3D00F6B8C3 /* MyWebView.swift */ = {isa = PBXFileReference; lastKnownFileType = sourcecode.swift; path = MyWebView.swift; sourceTree = "<group>"; };
		C26B225D2AADFFED00F6B8C3 /* Info.plist */ = {isa = PBXFileReference; lastKnownFileType = text.plist; path = Info.plist; sourceTree = "<group>"; };
		C26B225E2AAE03E500F6B8C3 /* SwiftUI_Stacks_tutorial.swift */ = {isa = PBXFileReference; lastKnownFileType = sourcecode.swift; path = SwiftUI_Stacks_tutorial.swift; sourceTree = "<group>"; };
		C26B22602AAE069800F6B8C3 /* MyVstack.swift */ = {isa = PBXFileReference; lastKnownFileType = sourcecode.swift; path = MyVstack.swift; sourceTree = "<group>"; };
		C26B22622AAE074400F6B8C3 /* MyHstack.swift */ = {isa = PBXFileReference; lastKnownFileType = sourcecode.swift; path = MyHstack.swift; sourceTree = "<group>"; };
		C26B22642AAE086100F6B8C3 /* MyZstack.swift */ = {isa = PBXFileReference; lastKnownFileType = sourcecode.swift; path = MyZstack.swift; sourceTree = "<group>"; };
		C26B22662AAE15E500F6B8C3 /* SwiftUI_stack_practice_tutorial.swift */ = {isa = PBXFileReference; lastKnownFileType = sourcecode.swift; path = SwiftUI_stack_practice_tutorial.swift; sourceTree = "<group>"; };
		C26B226B2AAE165800F6B8C3 /* MyProjectCard.swift */ = {isa = PBXFileReference; lastKnownFileType = sourcecode.swift; path = MyProjectCard.swift; sourceTree = "<group>"; };
		C26B226D2AAE19AE00F6B8C3 /* MyBasicCard.swift */ = {isa = PBXFileReference; lastKnownFileType = sourcecode.swift; path = MyBasicCard.swift; sourceTree = "<group>"; };
		C26B226F2AAE1F7200F6B8C3 /* MyCard.swift */ = {isa = PBXFileReference; lastKnownFileType = sourcecode.swift; path = MyCard.swift; sourceTree = "<group>"; };
		C26B22712AAE23D000F6B8C3 /* MyList.swift */ = {isa = PBXFileReference; lastKnownFileType = sourcecode.swift; path = MyList.swift; sourceTree = "<group>"; };
		C26B22732AAE2C6200F6B8C3 /* MyNavigationView.swift */ = {isa = PBXFileReference; lastKnownFileType = sourcecode.swift; path = MyNavigationView.swift; sourceTree = "<group>"; };
		C2D7A70E2AB7E5D90070F34B /* MyProfileView.swift */ = {isa = PBXFileReference; lastKnownFileType = sourcecode.swift; path = MyProfileView.swift; sourceTree = "<group>"; };
		C2D7A7102AB7EB680070F34B /* MyCircleImageView.swift */ = {isa = PBXFileReference; lastKnownFileType = sourcecode.swift; path = MyCircleImageView.swift; sourceTree = "<group>"; };
		C2D7A7122AB86A3D0070F34B /* MyGeometryReader.swift */ = {isa = PBXFileReference; lastKnownFileType = sourcecode.swift; path = MyGeometryReader.swift; sourceTree = "<group>"; };
		C2D7A7142AB871B60070F34B /* MyGeometryReaderVStack.swift */ = {isa = PBXFileReference; lastKnownFileType = sourcecode.swift; path = MyGeometryReaderVStack.swift; sourceTree = "<group>"; };
		C2D7A7162AB888C10070F34B /* MyTabView.swift */ = {isa = PBXFileReference; lastKnownFileType = sourcecode.swift; path = MyTabView.swift; sourceTree = "<group>"; };
		C2D7A7182AB88B5A0070F34B /* MyView.swift */ = {isa = PBXFileReference; lastKnownFileType = sourcecode.swift; path = MyView.swift; sourceTree = "<group>"; };
/* End PBXFileReference section */

/* Begin PBXFrameworksBuildPhase section */
		C26B22312AAC921900F6B8C3 /* Frameworks */ = {
			isa = PBXFrameworksBuildPhase;
			buildActionMask = 2147483647;
			files = (
			);
			runOnlyForDeploymentPostprocessing = 0;
		};
/* End PBXFrameworksBuildPhase section */

/* Begin PBXGroup section */
		C26B222B2AAC921800F6B8C3 = {
			isa = PBXGroup;
			children = (
				C2D7A7142AB871B60070F34B /* MyGeometryReaderVStack.swift */,
				C26B22362AAC921900F6B8C3 /* SwiftUIFundamentalTutorial */,
				C26B22352AAC921900F6B8C3 /* Products */,
			);
			sourceTree = "<group>";
		};
		C26B22352AAC921900F6B8C3 /* Products */ = {
			isa = PBXGroup;
			children = (
				C26B22342AAC921900F6B8C3 /* SwiftUIFundamentalTutorial.app */,
			);
			name = Products;
			sourceTree = "<group>";
		};
		C26B22362AAC921900F6B8C3 /* SwiftUIFundamentalTutorial */ = {
			isa = PBXGroup;
			children = (
				C26B225D2AADFFED00F6B8C3 /* Info.plist */,
				C26B22372AAC921900F6B8C3 /* SwiftUIFundamentalTutorialApp.swift */,
				C26B22392AAC921900F6B8C3 /* ContentView.swift */,
				C26B223B2AAC921C00F6B8C3 /* Assets.xcassets */,
				C26B223D2AAC921C00F6B8C3 /* Preview Content */,
				C26B22452AAC95B600F6B8C3 /* MyVstackView.swift */,
				C26B22472AAC9A2000F6B8C3 /* MyTextView.swift */,
				C26B22692AAE161000F6B8C3 /* SwiftUI_text_tutorial */,
				C26B22682AAE15FD00F6B8C3 /* SwiftUI_Stacks_tutorial */,
				C26B226A2AAE162400F6B8C3 /* SwiftUI_stack_practice_tutorial */,
			);
			path = SwiftUIFundamentalTutorial;
			sourceTree = "<group>";
		};
		C26B223D2AAC921C00F6B8C3 /* Preview Content */ = {
			isa = PBXGroup;
			children = (
				C26B223E2AAC921C00F6B8C3 /* Preview Assets.xcassets */,
			);
			path = "Preview Content";
			sourceTree = "<group>";
		};
		C26B22682AAE15FD00F6B8C3 /* SwiftUI_Stacks_tutorial */ = {
			isa = PBXGroup;
			children = (
				C26B225E2AAE03E500F6B8C3 /* SwiftUI_Stacks_tutorial.swift */,
				C26B22602AAE069800F6B8C3 /* MyVstack.swift */,
				C26B22622AAE074400F6B8C3 /* MyHstack.swift */,
				C26B22642AAE086100F6B8C3 /* MyZstack.swift */,
			);
			path = SwiftUI_Stacks_tutorial;
			sourceTree = "<group>";
		};
		C26B22692AAE161000F6B8C3 /* SwiftUI_text_tutorial */ = {
			isa = PBXGroup;
			children = (
				C26B22552AADEA5000F6B8C3 /* SwiftUI_text_tutorial.swift */,
				C26B22572AADFB1000F6B8C3 /* Image_tutorial.swift */,
				C26B22592AADFB3F00F6B8C3 /* CircleImageView.swift */,
				C26B225B2AADFF3D00F6B8C3 /* MyWebView.swift */,
			);
			path = SwiftUI_text_tutorial;
			sourceTree = "<group>";
		};
		C26B226A2AAE162400F6B8C3 /* SwiftUI_stack_practice_tutorial */ = {
			isa = PBXGroup;
			children = (
				C26B22662AAE15E500F6B8C3 /* SwiftUI_stack_practice_tutorial.swift */,
				C26B226B2AAE165800F6B8C3 /* MyProjectCard.swift */,
				C26B226D2AAE19AE00F6B8C3 /* MyBasicCard.swift */,
				C26B226F2AAE1F7200F6B8C3 /* MyCard.swift */,
				C26B22712AAE23D000F6B8C3 /* MyList.swift */,
				C26B22732AAE2C6200F6B8C3 /* MyNavigationView.swift */,
				C2D7A70E2AB7E5D90070F34B /* MyProfileView.swift */,
				C2D7A7102AB7EB680070F34B /* MyCircleImageView.swift */,
				C2D7A7122AB86A3D0070F34B /* MyGeometryReader.swift */,
				C2D7A7162AB888C10070F34B /* MyTabView.swift */,
				C2D7A7182AB88B5A0070F34B /* MyView.swift */,
			);
			path = SwiftUI_stack_practice_tutorial;
			sourceTree = "<group>";
		};
/* End PBXGroup section */

/* Begin PBXNativeTarget section */
		C26B22332AAC921900F6B8C3 /* SwiftUIFundamentalTutorial */ = {
			isa = PBXNativeTarget;
			buildConfigurationList = C26B22422AAC921C00F6B8C3 /* Build configuration list for PBXNativeTarget "SwiftUIFundamentalTutorial" */;
			buildPhases = (
				C26B22302AAC921900F6B8C3 /* Sources */,
				C26B22312AAC921900F6B8C3 /* Frameworks */,
				C26B22322AAC921900F6B8C3 /* Resources */,
			);
			buildRules = (
			);
			dependencies = (
			);
			name = SwiftUIFundamentalTutorial;
			productName = SwiftUIFundamentalTutorial;
			productReference = C26B22342AAC921900F6B8C3 /* SwiftUIFundamentalTutorial.app */;
			productType = "com.apple.product-type.application";
		};
/* End PBXNativeTarget section */

/* Begin PBXProject section */
		C26B222C2AAC921800F6B8C3 /* Project object */ = {
			isa = PBXProject;
			attributes = {
				BuildIndependentTargetsInParallel = 1;
				LastSwiftUpdateCheck = 1430;
				LastUpgradeCheck = 1430;
				TargetAttributes = {
					C26B22332AAC921900F6B8C3 = {
						CreatedOnToolsVersion = 14.3.1;
					};
				};
			};
			buildConfigurationList = C26B222F2AAC921800F6B8C3 /* Build configuration list for PBXProject "SwiftUIFundamentalTutorial" */;
			compatibilityVersion = "Xcode 14.0";
			developmentRegion = en;
			hasScannedForEncodings = 0;
			knownRegions = (
				en,
				Base,
			);
			mainGroup = C26B222B2AAC921800F6B8C3;
			productRefGroup = C26B22352AAC921900F6B8C3 /* Products */;
			projectDirPath = "";
			projectRoot = "";
			targets = (
				C26B22332AAC921900F6B8C3 /* SwiftUIFundamentalTutorial */,
			);
		};
/* End PBXProject section */

/* Begin PBXResourcesBuildPhase section */
		C26B22322AAC921900F6B8C3 /* Resources */ = {
			isa = PBXResourcesBuildPhase;
			buildActionMask = 2147483647;
			files = (
				C26B223F2AAC921C00F6B8C3 /* Preview Assets.xcassets in Resources */,
				C26B223C2AAC921C00F6B8C3 /* Assets.xcassets in Resources */,
			);
			runOnlyForDeploymentPostprocessing = 0;
		};
/* End PBXResourcesBuildPhase section */

/* Begin PBXSourcesBuildPhase section */
		C26B22302AAC921900F6B8C3 /* Sources */ = {
			isa = PBXSourcesBuildPhase;
			buildActionMask = 2147483647;
			files = (
				C2D7A7192AB88B5A0070F34B /* MyView.swift in Sources */,
				C2D7A7112AB7EB680070F34B /* MyCircleImageView.swift in Sources */,
				C26B22562AADEA5000F6B8C3 /* SwiftUI_text_tutorial.swift in Sources */,
				C26B226E2AAE19AE00F6B8C3 /* MyBasicCard.swift in Sources */,
				C26B22722AAE23D000F6B8C3 /* MyList.swift in Sources */,
				C2D7A7172AB888C10070F34B /* MyTabView.swift in Sources */,
				C26B22612AAE069800F6B8C3 /* MyVstack.swift in Sources */,
				C26B225C2AADFF3D00F6B8C3 /* MyWebView.swift in Sources */,
				C2D7A7132AB86A3D0070F34B /* MyGeometryReader.swift in Sources */,
				C26B226C2AAE165800F6B8C3 /* MyProjectCard.swift in Sources */,
				C26B22582AADFB1000F6B8C3 /* Image_tutorial.swift in Sources */,
				C26B225A2AADFB3F00F6B8C3 /* CircleImageView.swift in Sources */,
				C26B22702AAE1F7200F6B8C3 /* MyCard.swift in Sources */,
				C26B223A2AAC921900F6B8C3 /* ContentView.swift in Sources */,
				C2D7A7152AB871B60070F34B /* MyGeometryReaderVStack.swift in Sources */,
				C26B225F2AAE03E500F6B8C3 /* SwiftUI_Stacks_tutorial.swift in Sources */,
				C26B22482AAC9A2000F6B8C3 /* MyTextView.swift in Sources */,
				C26B22382AAC921900F6B8C3 /* SwiftUIFundamentalTutorialApp.swift in Sources */,
				C26B22462AAC95B700F6B8C3 /* MyVstackView.swift in Sources */,
				C26B22742AAE2C6200F6B8C3 /* MyNavigationView.swift in Sources */,
				C26B22672AAE15E500F6B8C3 /* SwiftUI_stack_practice_tutorial.swift in Sources */,
				C26B22632AAE074400F6B8C3 /* MyHstack.swift in Sources */,
				C2D7A70F2AB7E5DA0070F34B /* MyProfileView.swift in Sources */,
				C26B22652AAE086100F6B8C3 /* MyZstack.swift in Sources */,
			);
			runOnlyForDeploymentPostprocessing = 0;
		};
/* End PBXSourcesBuildPhase section */

/* Begin XCBuildConfiguration section */
		C26B22402AAC921C00F6B8C3 /* Debug */ = {
			isa = XCBuildConfiguration;
			buildSettings = {
				ALWAYS_SEARCH_USER_PATHS = NO;
				CLANG_ANALYZER_NONNULL = YES;
				CLANG_ANALYZER_NUMBER_OBJECT_CONVERSION = YES_AGGRESSIVE;
				CLANG_CXX_LANGUAGE_STANDARD = "gnu++20";
				CLANG_ENABLE_MODULES = YES;
				CLANG_ENABLE_OBJC_ARC = YES;
				CLANG_ENABLE_OBJC_WEAK = YES;
				CLANG_WARN_BLOCK_CAPTURE_AUTORELEASING = YES;
				CLANG_WARN_BOOL_CONVERSION = YES;
				CLANG_WARN_COMMA = YES;
				CLANG_WARN_CONSTANT_CONVERSION = YES;
				CLANG_WARN_DEPRECATED_OBJC_IMPLEMENTATIONS = YES;
				CLANG_WARN_DIRECT_OBJC_ISA_USAGE = YES_ERROR;
				CLANG_WARN_DOCUMENTATION_COMMENTS = YES;
				CLANG_WARN_EMPTY_BODY = YES;
				CLANG_WARN_ENUM_CONVERSION = YES;
				CLANG_WARN_INFINITE_RECURSION = YES;
				CLANG_WARN_INT_CONVERSION = YES;
				CLANG_WARN_NON_LITERAL_NULL_CONVERSION = YES;
				CLANG_WARN_OBJC_IMPLICIT_RETAIN_SELF = YES;
				CLANG_WARN_OBJC_LITERAL_CONVERSION = YES;
				CLANG_WARN_OBJC_ROOT_CLASS = YES_ERROR;
				CLANG_WARN_QUOTED_INCLUDE_IN_FRAMEWORK_HEADER = YES;
				CLANG_WARN_RANGE_LOOP_ANALYSIS = YES;
				CLANG_WARN_STRICT_PROTOTYPES = YES;
				CLANG_WARN_SUSPICIOUS_MOVE = YES;
				CLANG_WARN_UNGUARDED_AVAILABILITY = YES_AGGRESSIVE;
				CLANG_WARN_UNREACHABLE_CODE = YES;
				CLANG_WARN__DUPLICATE_METHOD_MATCH = YES;
				COPY_PHASE_STRIP = NO;
				DEBUG_INFORMATION_FORMAT = dwarf;
				ENABLE_STRICT_OBJC_MSGSEND = YES;
				ENABLE_TESTABILITY = YES;
				GCC_C_LANGUAGE_STANDARD = gnu11;
				GCC_DYNAMIC_NO_PIC = NO;
				GCC_NO_COMMON_BLOCKS = YES;
				GCC_OPTIMIZATION_LEVEL = 0;
				GCC_PREPROCESSOR_DEFINITIONS = (
					"DEBUG=1",
					"$(inherited)",
				);
				GCC_WARN_64_TO_32_BIT_CONVERSION = YES;
				GCC_WARN_ABOUT_RETURN_TYPE = YES_ERROR;
				GCC_WARN_UNDECLARED_SELECTOR = YES;
				GCC_WARN_UNINITIALIZED_AUTOS = YES_AGGRESSIVE;
				GCC_WARN_UNUSED_FUNCTION = YES;
				GCC_WARN_UNUSED_VARIABLE = YES;
				IPHONEOS_DEPLOYMENT_TARGET = 16.4;
				MTL_ENABLE_DEBUG_INFO = INCLUDE_SOURCE;
				MTL_FAST_MATH = YES;
				ONLY_ACTIVE_ARCH = YES;
				SDKROOT = iphoneos;
				SWIFT_ACTIVE_COMPILATION_CONDITIONS = DEBUG;
				SWIFT_OPTIMIZATION_LEVEL = "-Onone";
			};
			name = Debug;
		};
		C26B22412AAC921C00F6B8C3 /* Release */ = {
			isa = XCBuildConfiguration;
			buildSettings = {
				ALWAYS_SEARCH_USER_PATHS = NO;
				CLANG_ANALYZER_NONNULL = YES;
				CLANG_ANALYZER_NUMBER_OBJECT_CONVERSION = YES_AGGRESSIVE;
				CLANG_CXX_LANGUAGE_STANDARD = "gnu++20";
				CLANG_ENABLE_MODULES = YES;
				CLANG_ENABLE_OBJC_ARC = YES;
				CLANG_ENABLE_OBJC_WEAK = YES;
				CLANG_WARN_BLOCK_CAPTURE_AUTORELEASING = YES;
				CLANG_WARN_BOOL_CONVERSION = YES;
				CLANG_WARN_COMMA = YES;
				CLANG_WARN_CONSTANT_CONVERSION = YES;
				CLANG_WARN_DEPRECATED_OBJC_IMPLEMENTATIONS = YES;
				CLANG_WARN_DIRECT_OBJC_ISA_USAGE = YES_ERROR;
				CLANG_WARN_DOCUMENTATION_COMMENTS = YES;
				CLANG_WARN_EMPTY_BODY = YES;
				CLANG_WARN_ENUM_CONVERSION = YES;
				CLANG_WARN_INFINITE_RECURSION = YES;
				CLANG_WARN_INT_CONVERSION = YES;
				CLANG_WARN_NON_LITERAL_NULL_CONVERSION = YES;
				CLANG_WARN_OBJC_IMPLICIT_RETAIN_SELF = YES;
				CLANG_WARN_OBJC_LITERAL_CONVERSION = YES;
				CLANG_WARN_OBJC_ROOT_CLASS = YES_ERROR;
				CLANG_WARN_QUOTED_INCLUDE_IN_FRAMEWORK_HEADER = YES;
				CLANG_WARN_RANGE_LOOP_ANALYSIS = YES;
				CLANG_WARN_STRICT_PROTOTYPES = YES;
				CLANG_WARN_SUSPICIOUS_MOVE = YES;
				CLANG_WARN_UNGUARDED_AVAILABILITY = YES_AGGRESSIVE;
				CLANG_WARN_UNREACHABLE_CODE = YES;
				CLANG_WARN__DUPLICATE_METHOD_MATCH = YES;
				COPY_PHASE_STRIP = NO;
				DEBUG_INFORMATION_FORMAT = "dwarf-with-dsym";
				ENABLE_NS_ASSERTIONS = NO;
				ENABLE_STRICT_OBJC_MSGSEND = YES;
				GCC_C_LANGUAGE_STANDARD = gnu11;
				GCC_NO_COMMON_BLOCKS = YES;
				GCC_WARN_64_TO_32_BIT_CONVERSION = YES;
				GCC_WARN_ABOUT_RETURN_TYPE = YES_ERROR;
				GCC_WARN_UNDECLARED_SELECTOR = YES;
				GCC_WARN_UNINITIALIZED_AUTOS = YES_AGGRESSIVE;
				GCC_WARN_UNUSED_FUNCTION = YES;
				GCC_WARN_UNUSED_VARIABLE = YES;
				IPHONEOS_DEPLOYMENT_TARGET = 16.4;
				MTL_ENABLE_DEBUG_INFO = NO;
				MTL_FAST_MATH = YES;
				SDKROOT = iphoneos;
				SWIFT_COMPILATION_MODE = wholemodule;
				SWIFT_OPTIMIZATION_LEVEL = "-O";
				VALIDATE_PRODUCT = YES;
			};
			name = Release;
		};
		C26B22432AAC921C00F6B8C3 /* Debug */ = {
			isa = XCBuildConfiguration;
			buildSettings = {
				ASSETCATALOG_COMPILER_APPICON_NAME = AppIcon;
				ASSETCATALOG_COMPILER_GLOBAL_ACCENT_COLOR_NAME = AccentColor;
				CODE_SIGN_STYLE = Automatic;
				CURRENT_PROJECT_VERSION = 1;
				DEVELOPMENT_ASSET_PATHS = "\"SwiftUIFundamentalTutorial/Preview Content\"";
				DEVELOPMENT_TEAM = 8HG96SSK4A;
				ENABLE_PREVIEWS = YES;
				GENERATE_INFOPLIST_FILE = YES;
				INFOPLIST_FILE = SwiftUIFundamentalTutorial/Info.plist;
				INFOPLIST_KEY_UIApplicationSceneManifest_Generation = YES;
				INFOPLIST_KEY_UIApplicationSupportsIndirectInputEvents = YES;
				INFOPLIST_KEY_UILaunchScreen_Generation = YES;
				INFOPLIST_KEY_UISupportedInterfaceOrientations_iPad = "UIInterfaceOrientationPortrait UIInterfaceOrientationPortraitUpsideDown UIInterfaceOrientationLandscapeLeft UIInterfaceOrientationLandscapeRight";
				INFOPLIST_KEY_UISupportedInterfaceOrientations_iPhone = "UIInterfaceOrientationPortrait UIInterfaceOrientationLandscapeLeft UIInterfaceOrientationLandscapeRight";
				LD_RUNPATH_SEARCH_PATHS = (
					"$(inherited)",
					"@executable_path/Frameworks",
				);
				MARKETING_VERSION = 1.0;
				PRODUCT_BUNDLE_IDENTIFIER = com.cyndi.SwiftUIFundamentalTutorial;
				PRODUCT_NAME = "$(TARGET_NAME)";
				SWIFT_EMIT_LOC_STRINGS = YES;
				SWIFT_VERSION = 5.0;
				TARGETED_DEVICE_FAMILY = "1,2";
			};
			name = Debug;
		};
		C26B22442AAC921C00F6B8C3 /* Release */ = {
			isa = XCBuildConfiguration;
			buildSettings = {
				ASSETCATALOG_COMPILER_APPICON_NAME = AppIcon;
				ASSETCATALOG_COMPILER_GLOBAL_ACCENT_COLOR_NAME = AccentColor;
				CODE_SIGN_STYLE = Automatic;
				CURRENT_PROJECT_VERSION = 1;
				DEVELOPMENT_ASSET_PATHS = "\"SwiftUIFundamentalTutorial/Preview Content\"";
				DEVELOPMENT_TEAM = 8HG96SSK4A;
				ENABLE_PREVIEWS = YES;
				GENERATE_INFOPLIST_FILE = YES;
				INFOPLIST_FILE = SwiftUIFundamentalTutorial/Info.plist;
				INFOPLIST_KEY_UIApplicationSceneManifest_Generation = YES;
				INFOPLIST_KEY_UIApplicationSupportsIndirectInputEvents = YES;
				INFOPLIST_KEY_UILaunchScreen_Generation = YES;
				INFOPLIST_KEY_UISupportedInterfaceOrientations_iPad = "UIInterfaceOrientationPortrait UIInterfaceOrientationPortraitUpsideDown UIInterfaceOrientationLandscapeLeft UIInterfaceOrientationLandscapeRight";
				INFOPLIST_KEY_UISupportedInterfaceOrientations_iPhone = "UIInterfaceOrientationPortrait UIInterfaceOrientationLandscapeLeft UIInterfaceOrientationLandscapeRight";
				LD_RUNPATH_SEARCH_PATHS = (
					"$(inherited)",
					"@executable_path/Frameworks",
				);
				MARKETING_VERSION = 1.0;
				PRODUCT_BUNDLE_IDENTIFIER = com.cyndi.SwiftUIFundamentalTutorial;
				PRODUCT_NAME = "$(TARGET_NAME)";
				SWIFT_EMIT_LOC_STRINGS = YES;
				SWIFT_VERSION = 5.0;
				TARGETED_DEVICE_FAMILY = "1,2";
			};
			name = Release;
		};
/* End XCBuildConfiguration section */

/* Begin XCConfigurationList section */
		C26B222F2AAC921800F6B8C3 /* Build configuration list for PBXProject "SwiftUIFundamentalTutorial" */ = {
			isa = XCConfigurationList;
			buildConfigurations = (
				C26B22402AAC921C00F6B8C3 /* Debug */,
				C26B22412AAC921C00F6B8C3 /* Release */,
			);
			defaultConfigurationIsVisible = 0;
			defaultConfigurationName = Release;
		};
		C26B22422AAC921C00F6B8C3 /* Build configuration list for PBXNativeTarget "SwiftUIFundamentalTutorial" */ = {
			isa = XCConfigurationList;
			buildConfigurations = (
				C26B22432AAC921C00F6B8C3 /* Debug */,
				C26B22442AAC921C00F6B8C3 /* Release */,
			);
			defaultConfigurationIsVisible = 0;
			defaultConfigurationName = Release;
		};
/* End XCConfigurationList section */
	};
	rootObject = C26B222C2AAC921800F6B8C3 /* Project object */;
}
